
Microsoft Visual Studio Solution File, Format Version 12.00
# Visual Studio 15
VisualStudioVersion = 15.0.28307.489
MinimumVisualStudioVersion = 10.0.40219.1
Project("{888888A0-9F3D-457C-B088-3A5042F75D52}") = "LearningDjango", "LearningDjango\LearningDjango.pyproj", "{1345BB19-4155-4B67-97D2-3C1BD4114288}"
EndProject
Global
	GlobalSection(SolutionConfigurationPlatforms) = preSolution
		Debug|Any CPU = Debug|Any CPU
		Release|Any CPU = Release|Any CPU
	EndGlobalSection
	GlobalSection(ProjectConfigurationPlatforms) = postSolution
		{1345BB19-4155-4B67-97D2-3C1BD4114288}.Debug|Any CPU.ActiveCfg = Debug|Any CPU
		{1345BB19-4155-4B67-97D2-3C1BD4114288}.Debug|Any CPU.Build.0 = Debug|Any CPU
		{1345BB19-4155-4B67-97D2-3C1BD4114288}.Release|Any CPU.ActiveCfg = Release|Any CPU
		{1345BB19-4155-4B67-97D2-3C1BD4114288}.Release|Any CPU.Build.0 = Release|Any CPU
	EndGlobalSection
	GlobalSection(SolutionProperties) = preSolution
		HideSolutionNode = FALSE
	EndGlobalSection
	GlobalSection(ExtensibilityGlobals) = postSolution
		SolutionGuid = {0863D491-1BA4-47FF-817F-4365ADABE3FF}
	EndGlobalSection
EndGlobal
